
Microsoft Visual Studio Solution File, Format Version 12.00
# Visual Studio Version 16
VisualStudioVersion = 16.0.32901.82
MinimumVisualStudioVersion = 10.0.40219.1
Project("{FAE04EC0-301F-11D3-BF4B-00C04F79EFBC}") = "Integration", "Integration\Integration.csproj", "{77446E08-26A6-477A-BDC7-EF1C43B5DB24}"
EndProject
Global
	GlobalSection(SolutionConfigurationPlatforms) = preSolution
		Debug|Any CPU = Debug|Any CPU
		Release|Any CPU = Release|Any CPU
	EndGlobalSection
	GlobalSection(ProjectConfigurationPlatforms) = postSolution
		{77446E08-26A6-477A-BDC7-EF1C43B5DB24}.Debug|Any CPU.ActiveCfg = Debug|Any CPU
		{77446E08-26A6-477A-BDC7-EF1C43B5DB24}.Debug|Any CPU.Build.0 = Debug|Any CPU
		{77446E08-26A6-477A-BDC7-EF1C43B5DB24}.Release|Any CPU.ActiveCfg = Release|Any CPU
		{77446E08-26A6-477A-BDC7-EF1C43B5DB24}.Release|Any CPU.Build.0 = Release|Any CPU
	EndGlobalSection
	GlobalSection(SolutionProperties) = preSolution
		HideSolutionNode = FALSE
	EndGlobalSection
	GlobalSection(ExtensibilityGlobals) = postSolution
		SolutionGuid = {5856CA67-0518-4254-8330-C0D71D465D2C}
	EndGlobalSection
EndGlobal
